
Microsoft Visual Studio Solution File, Format Version 10.00
# Visual Studio 2008
Project("{FAE04EC0-301F-11D3-BF4B-00C04F79EFBC}") = "ClientDependency.Core", "ASP.Net Client Dependency\ClientDependency.Core.csproj", "{EA35B06D-0CC8-4830-A3F7-9BB3D36D0FAF}"
EndProject
Project("{FAE04EC0-301F-11D3-BF4B-00C04F79EFBC}") = "ClientDependency.Web.Test", "ClientDependency.Web.Test\ClientDependency.Web.Test.csproj", "{D2DA8882-0CCE-4AE0-87BF-9947B0D19CC6}"
EndProject
Project("{2150E333-8FDC-42A3-9474-1A3956D46DE8}") = "Solutions Items", "Solutions Items", "{1CB96BA3-1B76-4954-A798-99C6B3CD591B}"
	ProjectSection(SolutionItems) = preProject
		SolutionInfo.cs = SolutionInfo.cs
	EndProjectSection
EndProject
Global
	GlobalSection(TeamFoundationVersionControl) = preSolution
		SccNumberOfProjects = 3
		SccEnterpriseProvider = {4CA58AB2-18FA-4F8D-95D4-32DDF27D184C}
		SccTeamFoundationServer = https://tfs04.codeplex.com/
		SccLocalPath0 = .
		SccProjectUniqueName1 = ClientDependency.Web.Test\\ClientDependency.Web.Test.csproj
		SccProjectName1 = ClientDependency.Web.Test
		SccLocalPath1 = ClientDependency.Web.Test
		SccProjectUniqueName2 = ASP.Net\u0020Client\u0020Dependency\\ClientDependency.Core.csproj
		SccProjectName2 = ASP.Net\u0020Client\u0020Dependency
		SccLocalPath2 = ASP.Net\u0020Client\u0020Dependency
	EndGlobalSection
	GlobalSection(SolutionConfigurationPlatforms) = preSolution
		Debug|Any CPU = Debug|Any CPU
		Release|Any CPU = Release|Any CPU
	EndGlobalSection
	GlobalSection(ProjectConfigurationPlatforms) = postSolution
		{EA35B06D-0CC8-4830-A3F7-9BB3D36D0FAF}.Debug|Any CPU.ActiveCfg = Debug|Any CPU
		{EA35B06D-0CC8-4830-A3F7-9BB3D36D0FAF}.Debug|Any CPU.Build.0 = Debug|Any CPU
		{EA35B06D-0CC8-4830-A3F7-9BB3D36D0FAF}.Release|Any CPU.ActiveCfg = Release|Any CPU
		{EA35B06D-0CC8-4830-A3F7-9BB3D36D0FAF}.Release|Any CPU.Build.0 = Release|Any CPU
		{D2DA8882-0CCE-4AE0-87BF-9947B0D19CC6}.Debug|Any CPU.ActiveCfg = Debug|Any CPU
		{D2DA8882-0CCE-4AE0-87BF-9947B0D19CC6}.Debug|Any CPU.Build.0 = Debug|Any CPU
		{D2DA8882-0CCE-4AE0-87BF-9947B0D19CC6}.Release|Any CPU.ActiveCfg = Release|Any CPU
		{D2DA8882-0CCE-4AE0-87BF-9947B0D19CC6}.Release|Any CPU.Build.0 = Release|Any CPU
	EndGlobalSection
	GlobalSection(SolutionProperties) = preSolution
		HideSolutionNode = FALSE
	EndGlobalSection
EndGlobal
