
Microsoft Visual Studio Solution File, Format Version 11.00
# Visual Studio 2010
Project("{FAE04EC0-301F-11D3-BF4B-00C04F79EFBC}") = "ClientDependency.Core", "ClientDependency.Core\ClientDependency.Core.csproj", "{EA35B06D-0CC8-4830-A3F7-9BB3D36D0FAF}"
EndProject
Project("{FAE04EC0-301F-11D3-BF4B-00C04F79EFBC}") = "ClientDependency.Web.Test", "ClientDependency.Web.Test\ClientDependency.Web.Test.csproj", "{D2DA8882-0CCE-4AE0-87BF-9947B0D19CC6}"
EndProject
Project("{FAE04EC0-301F-11D3-BF4B-00C04F79EFBC}") = "ClientDependency.Core.Mvc", "ClientDependency.Mvc\ClientDependency.Core.Mvc.csproj", "{5A8B1824-80CD-4187-B870-384D77892A77}"
EndProject
Project("{FAE04EC0-301F-11D3-BF4B-00C04F79EFBC}") = "ClientDependency.UnitTests", "ClientDependency.UnitTests\ClientDependency.UnitTests.csproj", "{2AAE497E-577F-4ABB-99E3-41CB80B5773E}"
EndProject
Project("{2150E333-8FDC-42A3-9474-1A3956D46DE8}") = "Solution Items", "Solution Items", "{09017A90-7F59-40F8-8121-8B4284697BBD}"
	ProjectSection(SolutionItems) = preProject
		ClientDependency.vsmdi = ClientDependency.vsmdi
		Local.testsettings = Local.testsettings
		TraceAndTestImpact.testsettings = TraceAndTestImpact.testsettings
	EndProjectSection
EndProject
Project("{FAE04EC0-301F-11D3-BF4B-00C04F79EFBC}") = "Umbraco4.ClientDependency", "Umbraco4.ClientDependency\Umbraco4.ClientDependency.csproj", "{08DFBA02-97A5-496C-9272-09CE98C50BF5}"
EndProject
Project("{2150E333-8FDC-42A3-9474-1A3956D46DE8}") = "Build", "Build", "{C5D95718-11A7-4F12-A41A-10229A87F428}"
	ProjectSection(SolutionItems) = preProject
		Build-Release.ps1 = Build-Release.ps1
		build\ClientDependency-Mvc.nuspec = build\ClientDependency-Mvc.nuspec
		build\ClientDependency.nuspec = build\ClientDependency.nuspec
		SolutionInfo.cs = SolutionInfo.cs
		UpgradingUmbraco.txt = UpgradingUmbraco.txt
		build\nuget-transforms\web.config.mvc.transform = build\nuget-transforms\web.config.mvc.transform
		build\nuget-transforms\web.config.transform = build\nuget-transforms\web.config.transform
	EndProjectSection
EndProject
Global
	GlobalSection(TestCaseManagementSettings) = postSolution
		CategoryFile = ClientDependency.vsmdi
	EndGlobalSection
	GlobalSection(SolutionConfigurationPlatforms) = preSolution
		Debug|Any CPU = Debug|Any CPU
		Release|Any CPU = Release|Any CPU
	EndGlobalSection
	GlobalSection(ProjectConfigurationPlatforms) = postSolution
		{EA35B06D-0CC8-4830-A3F7-9BB3D36D0FAF}.Debug|Any CPU.ActiveCfg = Debug|Any CPU
		{EA35B06D-0CC8-4830-A3F7-9BB3D36D0FAF}.Debug|Any CPU.Build.0 = Debug|Any CPU
		{EA35B06D-0CC8-4830-A3F7-9BB3D36D0FAF}.Release|Any CPU.ActiveCfg = Release|Any CPU
		{EA35B06D-0CC8-4830-A3F7-9BB3D36D0FAF}.Release|Any CPU.Build.0 = Release|Any CPU
		{D2DA8882-0CCE-4AE0-87BF-9947B0D19CC6}.Debug|Any CPU.ActiveCfg = Debug|Any CPU
		{D2DA8882-0CCE-4AE0-87BF-9947B0D19CC6}.Debug|Any CPU.Build.0 = Debug|Any CPU
		{D2DA8882-0CCE-4AE0-87BF-9947B0D19CC6}.Release|Any CPU.ActiveCfg = Release|Any CPU
		{D2DA8882-0CCE-4AE0-87BF-9947B0D19CC6}.Release|Any CPU.Build.0 = Release|Any CPU
		{5A8B1824-80CD-4187-B870-384D77892A77}.Debug|Any CPU.ActiveCfg = Debug|Any CPU
		{5A8B1824-80CD-4187-B870-384D77892A77}.Debug|Any CPU.Build.0 = Debug|Any CPU
		{5A8B1824-80CD-4187-B870-384D77892A77}.Release|Any CPU.ActiveCfg = Release|Any CPU
		{5A8B1824-80CD-4187-B870-384D77892A77}.Release|Any CPU.Build.0 = Release|Any CPU
		{2AAE497E-577F-4ABB-99E3-41CB80B5773E}.Debug|Any CPU.ActiveCfg = Debug|Any CPU
		{2AAE497E-577F-4ABB-99E3-41CB80B5773E}.Debug|Any CPU.Build.0 = Debug|Any CPU
		{2AAE497E-577F-4ABB-99E3-41CB80B5773E}.Release|Any CPU.ActiveCfg = Release|Any CPU
		{2AAE497E-577F-4ABB-99E3-41CB80B5773E}.Release|Any CPU.Build.0 = Release|Any CPU
		{08DFBA02-97A5-496C-9272-09CE98C50BF5}.Debug|Any CPU.ActiveCfg = Debug|Any CPU
		{08DFBA02-97A5-496C-9272-09CE98C50BF5}.Debug|Any CPU.Build.0 = Debug|Any CPU
		{08DFBA02-97A5-496C-9272-09CE98C50BF5}.Release|Any CPU.ActiveCfg = Release|Any CPU
		{08DFBA02-97A5-496C-9272-09CE98C50BF5}.Release|Any CPU.Build.0 = Release|Any CPU
	EndGlobalSection
	GlobalSection(SolutionProperties) = preSolution
		HideSolutionNode = FALSE
	EndGlobalSection
EndGlobal
